// !$*UTF8*$!
{
	archiveVersion = 1;
	classes = {
	};
	objectVersion = 50;
	objects = {

/* Begin PBXBuildFile section */
		ED1F45EA2437ED620075B629 /* AppDelegate.swift in Sources */ = {isa = PBXBuildFile; fileRef = ED1F45E92437ED620075B629 /* AppDelegate.swift */; };
		ED1F45EC2437ED620075B629 /* SceneDelegate.swift in Sources */ = {isa = PBXBuildFile; fileRef = ED1F45EB2437ED620075B629 /* SceneDelegate.swift */; };
		ED1F45EE2437ED620075B629 /* ViewController.swift in Sources */ = {isa = PBXBuildFile; fileRef = ED1F45ED2437ED620075B629 /* ViewController.swift */; };
		ED1F45F12437ED620075B629 /* Main.storyboard in Resources */ = {isa = PBXBuildFile; fileRef = ED1F45EF2437ED620075B629 /* Main.storyboard */; };
		ED1F45F32437ED690075B629 /* Assets.xcassets in Resources */ = {isa = PBXBuildFile; fileRef = ED1F45F22437ED690075B629 /* Assets.xcassets */; };
		ED1F45F62437ED690075B629 /* LaunchScreen.storyboard in Resources */ = {isa = PBXBuildFile; fileRef = ED1F45F42437ED690075B629 /* LaunchScreen.storyboard */; };
		ED1F45FF2437ED920075B629 /* rogozenko_night.jpg in Resources */ = {isa = PBXBuildFile; fileRef = ED1F45FD2437ED910075B629 /* rogozenko_night.jpg */; };
		ED1F46002437ED920075B629 /* day.jpg in Resources */ = {isa = PBXBuildFile; fileRef = ED1F45FE2437ED910075B629 /* day.jpg */; };
		EDB3D4642440EA9800CC8A70 /* rogozenko_day.jpg in Resources */ = {isa = PBXBuildFile; fileRef = EDB3D4632440EA9800CC8A70 /* rogozenko_day.jpg */; };
/* End PBXBuildFile section */

/* Begin PBXFileReference section */
		ED1F45E62437ED620075B629 /* background_switcher.app */ = {isa = PBXFileReference; explicitFileType = wrapper.application; includeInIndex = 0; path = background_switcher.app; sourceTree = BUILT_PRODUCTS_DIR; };
		ED1F45E92437ED620075B629 /* AppDelegate.swift */ = {isa = PBXFileReference; lastKnownFileType = sourcecode.swift; path = AppDelegate.swift; sourceTree = "<group>"; };
		ED1F45EB2437ED620075B629 /* SceneDelegate.swift */ = {isa = PBXFileReference; lastKnownFileType = sourcecode.swift; path = SceneDelegate.swift; sourceTree = "<group>"; };
		ED1F45ED2437ED620075B629 /* ViewController.swift */ = {isa = PBXFileReference; lastKnownFileType = sourcecode.swift; path = ViewController.swift; sourceTree = "<group>"; };
		ED1F45F02437ED620075B629 /* Base */ = {isa = PBXFileReference; lastKnownFileType = file.storyboard; name = Base; path = Base.lproj/Main.storyboard; sourceTree = "<group>"; };
		ED1F45F22437ED690075B629 /* Assets.xcassets */ = {isa = PBXFileReference; lastKnownFileType = folder.assetcatalog; path = Assets.xcassets; sourceTree = "<group>"; };
		ED1F45F52437ED690075B629 /* Base */ = {isa = PBXFileReference; lastKnownFileType = file.storyboard; name = Base; path = Base.lproj/LaunchScreen.storyboard; sourceTree = "<group>"; };
		ED1F45F72437ED690075B629 /* Info.plist */ = {isa = PBXFileReference; lastKnownFileType = text.plist.xml; path = Info.plist; sourceTree = "<group>"; };
		ED1F45FD2437ED910075B629 /* rogozenko_night.jpg */ = {isa = PBXFileReference; lastKnownFileType = image.jpeg; path = rogozenko_night.jpg; sourceTree = "<group>"; };
		ED1F45FE2437ED910075B629 /* day.jpg */ = {isa = PBXFileReference; lastKnownFileType = image.jpeg; path = day.jpg; sourceTree = "<group>"; };
		EDB3D4632440EA9800CC8A70 /* rogozenko_day.jpg */ = {isa = PBXFileReference; lastKnownFileType = image.jpeg; path = rogozenko_day.jpg; sourceTree = "<group>"; };
/* End PBXFileReference section */

/* Begin PBXFrameworksBuildPhase section */
		ED1F45E32437ED620075B629 /* Frameworks */ = {
			isa = PBXFrameworksBuildPhase;
			buildActionMask = 2147483647;
			files = (
			);
			runOnlyForDeploymentPostprocessing = 0;
		};
/* End PBXFrameworksBuildPhase section */

/* Begin PBXGroup section */
		ED1F45DD2437ED620075B629 = {
			isa = PBXGroup;
			children = (
				ED1F45E82437ED620075B629 /* background_switcher */,
				ED1F45E72437ED620075B629 /* Products */,
			);
			sourceTree = "<group>";
		};
		ED1F45E72437ED620075B629 /* Products */ = {
			isa = PBXGroup;
			children = (
				ED1F45E62437ED620075B629 /* background_switcher.app */,
			);
			name = Products;
			sourceTree = "<group>";
		};
		ED1F45E82437ED620075B629 /* background_switcher */ = {
			isa = PBXGroup;
			children = (
				ED1F45E92437ED620075B629 /* AppDelegate.swift */,
				ED1F45EB2437ED620075B629 /* SceneDelegate.swift */,
				ED1F45ED2437ED620075B629 /* ViewController.swift */,
				ED1F45EF2437ED620075B629 /* Main.storyboard */,
				ED1F45FE2437ED910075B629 /* day.jpg */,
				ED1F45FD2437ED910075B629 /* rogozenko_night.jpg */,
				EDB3D4632440EA9800CC8A70 /* rogozenko_day.jpg */,
				ED1F45F22437ED690075B629 /* Assets.xcassets */,
				ED1F45F42437ED690075B629 /* LaunchScreen.storyboard */,
				ED1F45F72437ED690075B629 /* Info.plist */,
			);
			path = background_switcher;
			sourceTree = "<group>";
		};
/* End PBXGroup section */

/* Begin PBXNativeTarget section */
		ED1F45E52437ED620075B629 /* background_switcher */ = {
			isa = PBXNativeTarget;
			buildConfigurationList = ED1F45FA2437ED690075B629 /* Build configuration list for PBXNativeTarget "background_switcher" */;
			buildPhases = (
				ED1F45E22437ED620075B629 /* Sources */,
				ED1F45E32437ED620075B629 /* Frameworks */,
				ED1F45E42437ED620075B629 /* Resources */,
			);
			buildRules = (
			);
			dependencies = (
			);
			name = background_switcher;
			productName = background_switcher;
			productReference = ED1F45E62437ED620075B629 /* background_switcher.app */;
			productType = "com.apple.product-type.application";
		};
/* End PBXNativeTarget section */

/* Begin PBXProject section */
		ED1F45DE2437ED620075B629 /* Project object */ = {
			isa = PBXProject;
			attributes = {
				LastSwiftUpdateCheck = 1140;
				LastUpgradeCheck = 1140;
				ORGANIZATIONNAME = Roman;
				TargetAttributes = {
					ED1F45E52437ED620075B629 = {
						CreatedOnToolsVersion = 11.4;
					};
				};
			};
			buildConfigurationList = ED1F45E12437ED620075B629 /* Build configuration list for PBXProject "background_switcher" */;
			compatibilityVersion = "Xcode 9.3";
			developmentRegion = en;
			hasScannedForEncodings = 0;
			knownRegions = (
				en,
				Base,
			);
			mainGroup = ED1F45DD2437ED620075B629;
			productRefGroup = ED1F45E72437ED620075B629 /* Products */;
			projectDirPath = "";
			projectRoot = "";
			targets = (
				ED1F45E52437ED620075B629 /* background_switcher */,
			);
		};
/* End PBXProject section */

/* Begin PBXResourcesBuildPhase section */
		ED1F45E42437ED620075B629 /* Resources */ = {
			isa = PBXResourcesBuildPhase;
			buildActionMask = 2147483647;
			files = (
				EDB3D4642440EA9800CC8A70 /* rogozenko_day.jpg in Resources */,
				ED1F45F62437ED690075B629 /* LaunchScreen.storyboard in Resources */,
				ED1F46002437ED920075B629 /* day.jpg in Resources */,
				ED1F45F32437ED690075B629 /* Assets.xcassets in Resources */,
				ED1F45FF2437ED920075B629 /* rogozenko_night.jpg in Resources */,
				ED1F45F12437ED620075B629 /* Main.storyboard in Resources */,
			);
			runOnlyForDeploymentPostprocessing = 0;
		};
/* End PBXResourcesBuildPhase section */

/* Begin PBXSourcesBuildPhase section */
		ED1F45E22437ED620075B629 /* Sources */ = {
			isa = PBXSourcesBuildPhase;
			buildActionMask = 2147483647;
			files = (
				ED1F45EE2437ED620075B629 /* ViewController.swift in Sources */,
				ED1F45EA2437ED620075B629 /* AppDelegate.swift in Sources */,
				ED1F45EC2437ED620075B629 /* SceneDelegate.swift in Sources */,
			);
			runOnlyForDeploymentPostprocessing = 0;
		};
/* End PBXSourcesBuildPhase section */

/* Begin PBXVariantGroup section */
		ED1F45EF2437ED620075B629 /* Main.storyboard */ = {
			isa = PBXVariantGroup;
			children = (
				ED1F45F02437ED620075B629 /* Base */,
			);
			name = Main.storyboard;
			sourceTree = "<group>";
		};
		ED1F45F42437ED690075B629 /* LaunchScreen.storyboard */ = {
			isa = PBXVariantGroup;
			children = (
				ED1F45F52437ED690075B629 /* Base */,
			);
			name = LaunchScreen.storyboard;
			sourceTree = "<group>";
		};
/* End PBXVariantGroup section */

/* Begin XCBuildConfiguration section */
		ED1F45F82437ED690075B629 /* Debug */ = {
			isa = XCBuildConfiguration;
			buildSettings = {
				ALWAYS_SEARCH_USER_PATHS = NO;
				CLANG_ANALYZER_NONNULL = YES;
				CLANG_ANALYZER_NUMBER_OBJECT_CONVERSION = YES_AGGRESSIVE;
				CLANG_CXX_LANGUAGE_STANDARD = "gnu++14";
				CLANG_CXX_LIBRARY = "libc++";
				CLANG_ENABLE_MODULES = YES;
				CLANG_ENABLE_OBJC_ARC = YES;
				CLANG_ENABLE_OBJC_WEAK = YES;
				CLANG_WARN_BLOCK_CAPTURE_AUTORELEASING = YES;
				CLANG_WARN_BOOL_CONVERSION = YES;
				CLANG_WARN_COMMA = YES;
				CLANG_WARN_CONSTANT_CONVERSION = YES;
				CLANG_WARN_DEPRECATED_OBJC_IMPLEMENTATIONS = YES;
				CLANG_WARN_DIRECT_OBJC_ISA_USAGE = YES_ERROR;
				CLANG_WARN_DOCUMENTATION_COMMENTS = YES;
				CLANG_WARN_EMPTY_BODY = YES;
				CLANG_WARN_ENUM_CONVERSION = YES;
				CLANG_WARN_INFINITE_RECURSION = YES;
				CLANG_WARN_INT_CONVERSION = YES;
				CLANG_WARN_NON_LITERAL_NULL_CONVERSION = YES;
				CLANG_WARN_OBJC_IMPLICIT_RETAIN_SELF = YES;
				CLANG_WARN_OBJC_LITERAL_CONVERSION = YES;
				CLANG_WARN_OBJC_ROOT_CLASS = YES_ERROR;
				CLANG_WARN_RANGE_LOOP_ANALYSIS = YES;
				CLANG_WARN_STRICT_PROTOTYPES = YES;
				CLANG_WARN_SUSPICIOUS_MOVE = YES;
				CLANG_WARN_UNGUARDED_AVAILABILITY = YES_AGGRESSIVE;
				CLANG_WARN_UNREACHABLE_CODE = YES;
				CLANG_WARN__DUPLICATE_METHOD_MATCH = YES;
				COPY_PHASE_STRIP = NO;
				DEBUG_INFORMATION_FORMAT = dwarf;
				ENABLE_STRICT_OBJC_MSGSEND = YES;
				ENABLE_TESTABILITY = YES;
				GCC_C_LANGUAGE_STANDARD = gnu11;
				GCC_DYNAMIC_NO_PIC = NO;
				GCC_NO_COMMON_BLOCKS = YES;
				GCC_OPTIMIZATION_LEVEL = 0;
				GCC_PREPROCESSOR_DEFINITIONS = (
					"DEBUG=1",
					"$(inherited)",
				);
				GCC_WARN_64_TO_32_BIT_CONVERSION = YES;
				GCC_WARN_ABOUT_RETURN_TYPE = YES_ERROR;
				GCC_WARN_UNDECLARED_SELECTOR = YES;
				GCC_WARN_UNINITIALIZED_AUTOS = YES_AGGRESSIVE;
				GCC_WARN_UNUSED_FUNCTION = YES;
				GCC_WARN_UNUSED_VARIABLE = YES;
				IPHONEOS_DEPLOYMENT_TARGET = 13.4;
				MTL_ENABLE_DEBUG_INFO = INCLUDE_SOURCE;
				MTL_FAST_MATH = YES;
				ONLY_ACTIVE_ARCH = YES;
				SDKROOT = iphoneos;
				SWIFT_ACTIVE_COMPILATION_CONDITIONS = DEBUG;
				SWIFT_OPTIMIZATION_LEVEL = "-Onone";
			};
			name = Debug;
		};
		ED1F45F92437ED690075B629 /* Release */ = {
			isa = XCBuildConfiguration;
			buildSettings = {
				ALWAYS_SEARCH_USER_PATHS = NO;
				CLANG_ANALYZER_NONNULL = YES;
				CLANG_ANALYZER_NUMBER_OBJECT_CONVERSION = YES_AGGRESSIVE;
				CLANG_CXX_LANGUAGE_STANDARD = "gnu++14";
				CLANG_CXX_LIBRARY = "libc++";
				CLANG_ENABLE_MODULES = YES;
				CLANG_ENABLE_OBJC_ARC = YES;
				CLANG_ENABLE_OBJC_WEAK = YES;
				CLANG_WARN_BLOCK_CAPTURE_AUTORELEASING = YES;
				CLANG_WARN_BOOL_CONVERSION = YES;
				CLANG_WARN_COMMA = YES;
				CLANG_WARN_CONSTANT_CONVERSION = YES;
				CLANG_WARN_DEPRECATED_OBJC_IMPLEMENTATIONS = YES;
				CLANG_WARN_DIRECT_OBJC_ISA_USAGE = YES_ERROR;
				CLANG_WARN_DOCUMENTATION_COMMENTS = YES;
				CLANG_WARN_EMPTY_BODY = YES;
				CLANG_WARN_ENUM_CONVERSION = YES;
				CLANG_WARN_INFINITE_RECURSION = YES;
				CLANG_WARN_INT_CONVERSION = YES;
				CLANG_WARN_NON_LITERAL_NULL_CONVERSION = YES;
				CLANG_WARN_OBJC_IMPLICIT_RETAIN_SELF = YES;
				CLANG_WARN_OBJC_LITERAL_CONVERSION = YES;
				CLANG_WARN_OBJC_ROOT_CLASS = YES_ERROR;
				CLANG_WARN_RANGE_LOOP_ANALYSIS = YES;
				CLANG_WARN_STRICT_PROTOTYPES = YES;
				CLANG_WARN_SUSPICIOUS_MOVE = YES;
				CLANG_WARN_UNGUARDED_AVAILABILITY = YES_AGGRESSIVE;
				CLANG_WARN_UNREACHABLE_CODE = YES;
				CLANG_WARN__DUPLICATE_METHOD_MATCH = YES;
				COPY_PHASE_STRIP = NO;
				DEBUG_INFORMATION_FORMAT = "dwarf-with-dsym";
				ENABLE_NS_ASSERTIONS = NO;
				ENABLE_STRICT_OBJC_MSGSEND = YES;
				GCC_C_LANGUAGE_STANDARD = gnu11;
				GCC_NO_COMMON_BLOCKS = YES;
				GCC_WARN_64_TO_32_BIT_CONVERSION = YES;
				GCC_WARN_ABOUT_RETURN_TYPE = YES_ERROR;
				GCC_WARN_UNDECLARED_SELECTOR = YES;
				GCC_WARN_UNINITIALIZED_AUTOS = YES_AGGRESSIVE;
				GCC_WARN_UNUSED_FUNCTION = YES;
				GCC_WARN_UNUSED_VARIABLE = YES;
				IPHONEOS_DEPLOYMENT_TARGET = 13.4;
				MTL_ENABLE_DEBUG_INFO = NO;
				MTL_FAST_MATH = YES;
				SDKROOT = iphoneos;
				SWIFT_COMPILATION_MODE = wholemodule;
				SWIFT_OPTIMIZATION_LEVEL = "-O";
				VALIDATE_PRODUCT = YES;
			};
			name = Release;
		};
		ED1F45FB2437ED690075B629 /* Debug */ = {
			isa = XCBuildConfiguration;
			buildSettings = {
				ASSETCATALOG_COMPILER_APPICON_NAME = AppIcon;
				CODE_SIGN_STYLE = Automatic;
				DEVELOPMENT_TEAM = 7AM85M5JQ7;
				INFOPLIST_FILE = background_switcher/Info.plist;
				LD_RUNPATH_SEARCH_PATHS = (
					"$(inherited)",
					"@executable_path/Frameworks",
				);
				PRODUCT_BUNDLE_IDENTIFIER = "lab7-task1.background-switcher";
				PRODUCT_NAME = "$(TARGET_NAME)";
				SWIFT_VERSION = 5.0;
				TARGETED_DEVICE_FAMILY = "1,2";
			};
			name = Debug;
		};
		ED1F45FC2437ED690075B629 /* Release */ = {
			isa = XCBuildConfiguration;
			buildSettings = {
				ASSETCATALOG_COMPILER_APPICON_NAME = AppIcon;
				CODE_SIGN_STYLE = Automatic;
				DEVELOPMENT_TEAM = 7AM85M5JQ7;
				INFOPLIST_FILE = background_switcher/Info.plist;
				LD_RUNPATH_SEARCH_PATHS = (
					"$(inherited)",
					"@executable_path/Frameworks",
				);
				PRODUCT_BUNDLE_IDENTIFIER = "lab7-task1.background-switcher";
				PRODUCT_NAME = "$(TARGET_NAME)";
				SWIFT_VERSION = 5.0;
				TARGETED_DEVICE_FAMILY = "1,2";
			};
			name = Release;
		};
/* End XCBuildConfiguration section */

/* Begin XCConfigurationList section */
		ED1F45E12437ED620075B629 /* Build configuration list for PBXProject "background_switcher" */ = {
			isa = XCConfigurationList;
			buildConfigurations = (
				ED1F45F82437ED690075B629 /* Debug */,
				ED1F45F92437ED690075B629 /* Release */,
			);
			defaultConfigurationIsVisible = 0;
			defaultConfigurationName = Release;
		};
		ED1F45FA2437ED690075B629 /* Build configuration list for PBXNativeTarget "background_switcher" */ = {
			isa = XCConfigurationList;
			buildConfigurations = (
				ED1F45FB2437ED690075B629 /* Debug */,
				ED1F45FC2437ED690075B629 /* Release */,
			);
			defaultConfigurationIsVisible = 0;
			defaultConfigurationName = Release;
		};
/* End XCConfigurationList section */
	};
	rootObject = ED1F45DE2437ED620075B629 /* Project object */;
}
