// !$*UTF8*$!
{
	archiveVersion = 1;
	classes = {
	};
	objectVersion = 50;
	objects = {

/* Begin PBXBuildFile section */
		EDB3D4722440EFB100CC8A70 /* AppDelegate.swift in Sources */ = {isa = PBXBuildFile; fileRef = EDB3D4712440EFB100CC8A70 /* AppDelegate.swift */; };
		EDB3D4742440EFB100CC8A70 /* SceneDelegate.swift in Sources */ = {isa = PBXBuildFile; fileRef = EDB3D4732440EFB100CC8A70 /* SceneDelegate.swift */; };
		EDB3D4762440EFB100CC8A70 /* ViewController.swift in Sources */ = {isa = PBXBuildFile; fileRef = EDB3D4752440EFB100CC8A70 /* ViewController.swift */; };
		EDB3D4792440EFB100CC8A70 /* Main.storyboard in Resources */ = {isa = PBXBuildFile; fileRef = EDB3D4772440EFB100CC8A70 /* Main.storyboard */; };
		EDB3D47B2440EFB600CC8A70 /* Assets.xcassets in Resources */ = {isa = PBXBuildFile; fileRef = EDB3D47A2440EFB600CC8A70 /* Assets.xcassets */; };
		EDB3D47E2440EFB600CC8A70 /* LaunchScreen.storyboard in Resources */ = {isa = PBXBuildFile; fileRef = EDB3D47C2440EFB600CC8A70 /* LaunchScreen.storyboard */; };
/* End PBXBuildFile section */

/* Begin PBXFileReference section */
		EDB3D46E2440EFB100CC8A70 /* lab7_task4_rogozenko.app */ = {isa = PBXFileReference; explicitFileType = wrapper.application; includeInIndex = 0; path = lab7_task4_rogozenko.app; sourceTree = BUILT_PRODUCTS_DIR; };
		EDB3D4712440EFB100CC8A70 /* AppDelegate.swift */ = {isa = PBXFileReference; lastKnownFileType = sourcecode.swift; path = AppDelegate.swift; sourceTree = "<group>"; };
		EDB3D4732440EFB100CC8A70 /* SceneDelegate.swift */ = {isa = PBXFileReference; lastKnownFileType = sourcecode.swift; path = SceneDelegate.swift; sourceTree = "<group>"; };
		EDB3D4752440EFB100CC8A70 /* ViewController.swift */ = {isa = PBXFileReference; lastKnownFileType = sourcecode.swift; path = ViewController.swift; sourceTree = "<group>"; };
		EDB3D4782440EFB100CC8A70 /* Base */ = {isa = PBXFileReference; lastKnownFileType = file.storyboard; name = Base; path = Base.lproj/Main.storyboard; sourceTree = "<group>"; };
		EDB3D47A2440EFB600CC8A70 /* Assets.xcassets */ = {isa = PBXFileReference; lastKnownFileType = folder.assetcatalog; path = Assets.xcassets; sourceTree = "<group>"; };
		EDB3D47D2440EFB600CC8A70 /* Base */ = {isa = PBXFileReference; lastKnownFileType = file.storyboard; name = Base; path = Base.lproj/LaunchScreen.storyboard; sourceTree = "<group>"; };
		EDB3D47F2440EFB600CC8A70 /* Info.plist */ = {isa = PBXFileReference; lastKnownFileType = text.plist.xml; path = Info.plist; sourceTree = "<group>"; };
/* End PBXFileReference section */

/* Begin PBXFrameworksBuildPhase section */
		EDB3D46B2440EFB100CC8A70 /* Frameworks */ = {
			isa = PBXFrameworksBuildPhase;
			buildActionMask = 2147483647;
			files = (
			);
			runOnlyForDeploymentPostprocessing = 0;
		};
/* End PBXFrameworksBuildPhase section */

/* Begin PBXGroup section */
		EDB3D4652440EFB100CC8A70 = {
			isa = PBXGroup;
			children = (
				EDB3D4702440EFB100CC8A70 /* lab7_task4_rogozenko */,
				EDB3D46F2440EFB100CC8A70 /* Products */,
			);
			sourceTree = "<group>";
		};
		EDB3D46F2440EFB100CC8A70 /* Products */ = {
			isa = PBXGroup;
			children = (
				EDB3D46E2440EFB100CC8A70 /* lab7_task4_rogozenko.app */,
			);
			name = Products;
			sourceTree = "<group>";
		};
		EDB3D4702440EFB100CC8A70 /* lab7_task4_rogozenko */ = {
			isa = PBXGroup;
			children = (
				EDB3D4712440EFB100CC8A70 /* AppDelegate.swift */,
				EDB3D4732440EFB100CC8A70 /* SceneDelegate.swift */,
				EDB3D4752440EFB100CC8A70 /* ViewController.swift */,
				EDB3D4772440EFB100CC8A70 /* Main.storyboard */,
				EDB3D47A2440EFB600CC8A70 /* Assets.xcassets */,
				EDB3D47C2440EFB600CC8A70 /* LaunchScreen.storyboard */,
				EDB3D47F2440EFB600CC8A70 /* Info.plist */,
			);
			path = lab7_task4_rogozenko;
			sourceTree = "<group>";
		};
/* End PBXGroup section */

/* Begin PBXNativeTarget section */
		EDB3D46D2440EFB100CC8A70 /* lab7_task4_rogozenko */ = {
			isa = PBXNativeTarget;
			buildConfigurationList = EDB3D4822440EFB600CC8A70 /* Build configuration list for PBXNativeTarget "lab7_task4_rogozenko" */;
			buildPhases = (
				EDB3D46A2440EFB100CC8A70 /* Sources */,
				EDB3D46B2440EFB100CC8A70 /* Frameworks */,
				EDB3D46C2440EFB100CC8A70 /* Resources */,
			);
			buildRules = (
			);
			dependencies = (
			);
			name = lab7_task4_rogozenko;
			productName = lab7_task4_rogozenko;
			productReference = EDB3D46E2440EFB100CC8A70 /* lab7_task4_rogozenko.app */;
			productType = "com.apple.product-type.application";
		};
/* End PBXNativeTarget section */

/* Begin PBXProject section */
		EDB3D4662440EFB100CC8A70 /* Project object */ = {
			isa = PBXProject;
			attributes = {
				LastSwiftUpdateCheck = 1140;
				LastUpgradeCheck = 1140;
				ORGANIZATIONNAME = Roman;
				TargetAttributes = {
					EDB3D46D2440EFB100CC8A70 = {
						CreatedOnToolsVersion = 11.4;
					};
				};
			};
			buildConfigurationList = EDB3D4692440EFB100CC8A70 /* Build configuration list for PBXProject "lab7_task4_rogozenko" */;
			compatibilityVersion = "Xcode 9.3";
			developmentRegion = en;
			hasScannedForEncodings = 0;
			knownRegions = (
				en,
				Base,
			);
			mainGroup = EDB3D4652440EFB100CC8A70;
			productRefGroup = EDB3D46F2440EFB100CC8A70 /* Products */;
			projectDirPath = "";
			projectRoot = "";
			targets = (
				EDB3D46D2440EFB100CC8A70 /* lab7_task4_rogozenko */,
			);
		};
/* End PBXProject section */

/* Begin PBXResourcesBuildPhase section */
		EDB3D46C2440EFB100CC8A70 /* Resources */ = {
			isa = PBXResourcesBuildPhase;
			buildActionMask = 2147483647;
			files = (
				EDB3D47E2440EFB600CC8A70 /* LaunchScreen.storyboard in Resources */,
				EDB3D47B2440EFB600CC8A70 /* Assets.xcassets in Resources */,
				EDB3D4792440EFB100CC8A70 /* Main.storyboard in Resources */,
			);
			runOnlyForDeploymentPostprocessing = 0;
		};
/* End PBXResourcesBuildPhase section */

/* Begin PBXSourcesBuildPhase section */
		EDB3D46A2440EFB100CC8A70 /* Sources */ = {
			isa = PBXSourcesBuildPhase;
			buildActionMask = 2147483647;
			files = (
				EDB3D4762440EFB100CC8A70 /* ViewController.swift in Sources */,
				EDB3D4722440EFB100CC8A70 /* AppDelegate.swift in Sources */,
				EDB3D4742440EFB100CC8A70 /* SceneDelegate.swift in Sources */,
			);
			runOnlyForDeploymentPostprocessing = 0;
		};
/* End PBXSourcesBuildPhase section */

/* Begin PBXVariantGroup section */
		EDB3D4772440EFB100CC8A70 /* Main.storyboard */ = {
			isa = PBXVariantGroup;
			children = (
				EDB3D4782440EFB100CC8A70 /* Base */,
			);
			name = Main.storyboard;
			sourceTree = "<group>";
		};
		EDB3D47C2440EFB600CC8A70 /* LaunchScreen.storyboard */ = {
			isa = PBXVariantGroup;
			children = (
				EDB3D47D2440EFB600CC8A70 /* Base */,
			);
			name = LaunchScreen.storyboard;
			sourceTree = "<group>";
		};
/* End PBXVariantGroup section */

/* Begin XCBuildConfiguration section */
		EDB3D4802440EFB600CC8A70 /* Debug */ = {
			isa = XCBuildConfiguration;
			buildSettings = {
				ALWAYS_SEARCH_USER_PATHS = NO;
				CLANG_ANALYZER_NONNULL = YES;
				CLANG_ANALYZER_NUMBER_OBJECT_CONVERSION = YES_AGGRESSIVE;
				CLANG_CXX_LANGUAGE_STANDARD = "gnu++14";
				CLANG_CXX_LIBRARY = "libc++";
				CLANG_ENABLE_MODULES = YES;
				CLANG_ENABLE_OBJC_ARC = YES;
				CLANG_ENABLE_OBJC_WEAK = YES;
				CLANG_WARN_BLOCK_CAPTURE_AUTORELEASING = YES;
				CLANG_WARN_BOOL_CONVERSION = YES;
				CLANG_WARN_COMMA = YES;
				CLANG_WARN_CONSTANT_CONVERSION = YES;
				CLANG_WARN_DEPRECATED_OBJC_IMPLEMENTATIONS = YES;
				CLANG_WARN_DIRECT_OBJC_ISA_USAGE = YES_ERROR;
				CLANG_WARN_DOCUMENTATION_COMMENTS = YES;
				CLANG_WARN_EMPTY_BODY = YES;
				CLANG_WARN_ENUM_CONVERSION = YES;
				CLANG_WARN_INFINITE_RECURSION = YES;
				CLANG_WARN_INT_CONVERSION = YES;
				CLANG_WARN_NON_LITERAL_NULL_CONVERSION = YES;
				CLANG_WARN_OBJC_IMPLICIT_RETAIN_SELF = YES;
				CLANG_WARN_OBJC_LITERAL_CONVERSION = YES;
				CLANG_WARN_OBJC_ROOT_CLASS = YES_ERROR;
				CLANG_WARN_RANGE_LOOP_ANALYSIS = YES;
				CLANG_WARN_STRICT_PROTOTYPES = YES;
				CLANG_WARN_SUSPICIOUS_MOVE = YES;
				CLANG_WARN_UNGUARDED_AVAILABILITY = YES_AGGRESSIVE;
				CLANG_WARN_UNREACHABLE_CODE = YES;
				CLANG_WARN__DUPLICATE_METHOD_MATCH = YES;
				COPY_PHASE_STRIP = NO;
				DEBUG_INFORMATION_FORMAT = dwarf;
				ENABLE_STRICT_OBJC_MSGSEND = YES;
				ENABLE_TESTABILITY = YES;
				GCC_C_LANGUAGE_STANDARD = gnu11;
				GCC_DYNAMIC_NO_PIC = NO;
				GCC_NO_COMMON_BLOCKS = YES;
				GCC_OPTIMIZATION_LEVEL = 0;
				GCC_PREPROCESSOR_DEFINITIONS = (
					"DEBUG=1",
					"$(inherited)",
				);
				GCC_WARN_64_TO_32_BIT_CONVERSION = YES;
				GCC_WARN_ABOUT_RETURN_TYPE = YES_ERROR;
				GCC_WARN_UNDECLARED_SELECTOR = YES;
				GCC_WARN_UNINITIALIZED_AUTOS = YES_AGGRESSIVE;
				GCC_WARN_UNUSED_FUNCTION = YES;
				GCC_WARN_UNUSED_VARIABLE = YES;
				IPHONEOS_DEPLOYMENT_TARGET = 13.4;
				MTL_ENABLE_DEBUG_INFO = INCLUDE_SOURCE;
				MTL_FAST_MATH = YES;
				ONLY_ACTIVE_ARCH = YES;
				SDKROOT = iphoneos;
				SWIFT_ACTIVE_COMPILATION_CONDITIONS = DEBUG;
				SWIFT_OPTIMIZATION_LEVEL = "-Onone";
			};
			name = Debug;
		};
		EDB3D4812440EFB600CC8A70 /* Release */ = {
			isa = XCBuildConfiguration;
			buildSettings = {
				ALWAYS_SEARCH_USER_PATHS = NO;
				CLANG_ANALYZER_NONNULL = YES;
				CLANG_ANALYZER_NUMBER_OBJECT_CONVERSION = YES_AGGRESSIVE;
				CLANG_CXX_LANGUAGE_STANDARD = "gnu++14";
				CLANG_CXX_LIBRARY = "libc++";
				CLANG_ENABLE_MODULES = YES;
				CLANG_ENABLE_OBJC_ARC = YES;
				CLANG_ENABLE_OBJC_WEAK = YES;
				CLANG_WARN_BLOCK_CAPTURE_AUTORELEASING = YES;
				CLANG_WARN_BOOL_CONVERSION = YES;
				CLANG_WARN_COMMA = YES;
				CLANG_WARN_CONSTANT_CONVERSION = YES;
				CLANG_WARN_DEPRECATED_OBJC_IMPLEMENTATIONS = YES;
				CLANG_WARN_DIRECT_OBJC_ISA_USAGE = YES_ERROR;
				CLANG_WARN_DOCUMENTATION_COMMENTS = YES;
				CLANG_WARN_EMPTY_BODY = YES;
				CLANG_WARN_ENUM_CONVERSION = YES;
				CLANG_WARN_INFINITE_RECURSION = YES;
				CLANG_WARN_INT_CONVERSION = YES;
				CLANG_WARN_NON_LITERAL_NULL_CONVERSION = YES;
				CLANG_WARN_OBJC_IMPLICIT_RETAIN_SELF = YES;
				CLANG_WARN_OBJC_LITERAL_CONVERSION = YES;
				CLANG_WARN_OBJC_ROOT_CLASS = YES_ERROR;
				CLANG_WARN_RANGE_LOOP_ANALYSIS = YES;
				CLANG_WARN_STRICT_PROTOTYPES = YES;
				CLANG_WARN_SUSPICIOUS_MOVE = YES;
				CLANG_WARN_UNGUARDED_AVAILABILITY = YES_AGGRESSIVE;
				CLANG_WARN_UNREACHABLE_CODE = YES;
				CLANG_WARN__DUPLICATE_METHOD_MATCH = YES;
				COPY_PHASE_STRIP = NO;
				DEBUG_INFORMATION_FORMAT = "dwarf-with-dsym";
				ENABLE_NS_ASSERTIONS = NO;
				ENABLE_STRICT_OBJC_MSGSEND = YES;
				GCC_C_LANGUAGE_STANDARD = gnu11;
				GCC_NO_COMMON_BLOCKS = YES;
				GCC_WARN_64_TO_32_BIT_CONVERSION = YES;
				GCC_WARN_ABOUT_RETURN_TYPE = YES_ERROR;
				GCC_WARN_UNDECLARED_SELECTOR = YES;
				GCC_WARN_UNINITIALIZED_AUTOS = YES_AGGRESSIVE;
				GCC_WARN_UNUSED_FUNCTION = YES;
				GCC_WARN_UNUSED_VARIABLE = YES;
				IPHONEOS_DEPLOYMENT_TARGET = 13.4;
				MTL_ENABLE_DEBUG_INFO = NO;
				MTL_FAST_MATH = YES;
				SDKROOT = iphoneos;
				SWIFT_COMPILATION_MODE = wholemodule;
				SWIFT_OPTIMIZATION_LEVEL = "-O";
				VALIDATE_PRODUCT = YES;
			};
			name = Release;
		};
		EDB3D4832440EFB600CC8A70 /* Debug */ = {
			isa = XCBuildConfiguration;
			buildSettings = {
				ASSETCATALOG_COMPILER_APPICON_NAME = AppIcon;
				CODE_SIGN_STYLE = Automatic;
				DEVELOPMENT_TEAM = 7AM85M5JQ7;
				INFOPLIST_FILE = lab7_task4_rogozenko/Info.plist;
				LD_RUNPATH_SEARCH_PATHS = (
					"$(inherited)",
					"@executable_path/Frameworks",
				);
				PRODUCT_BUNDLE_IDENTIFIER = "lab7-task4-rogozenko.lab7-task4-rogozenko";
				PRODUCT_NAME = "$(TARGET_NAME)";
				SWIFT_VERSION = 5.0;
				TARGETED_DEVICE_FAMILY = "1,2";
			};
			name = Debug;
		};
		EDB3D4842440EFB600CC8A70 /* Release */ = {
			isa = XCBuildConfiguration;
			buildSettings = {
				ASSETCATALOG_COMPILER_APPICON_NAME = AppIcon;
				CODE_SIGN_STYLE = Automatic;
				DEVELOPMENT_TEAM = 7AM85M5JQ7;
				INFOPLIST_FILE = lab7_task4_rogozenko/Info.plist;
				LD_RUNPATH_SEARCH_PATHS = (
					"$(inherited)",
					"@executable_path/Frameworks",
				);
				PRODUCT_BUNDLE_IDENTIFIER = "lab7-task4-rogozenko.lab7-task4-rogozenko";
				PRODUCT_NAME = "$(TARGET_NAME)";
				SWIFT_VERSION = 5.0;
				TARGETED_DEVICE_FAMILY = "1,2";
			};
			name = Release;
		};
/* End XCBuildConfiguration section */

/* Begin XCConfigurationList section */
		EDB3D4692440EFB100CC8A70 /* Build configuration list for PBXProject "lab7_task4_rogozenko" */ = {
			isa = XCConfigurationList;
			buildConfigurations = (
				EDB3D4802440EFB600CC8A70 /* Debug */,
				EDB3D4812440EFB600CC8A70 /* Release */,
			);
			defaultConfigurationIsVisible = 0;
			defaultConfigurationName = Release;
		};
		EDB3D4822440EFB600CC8A70 /* Build configuration list for PBXNativeTarget "lab7_task4_rogozenko" */ = {
			isa = XCConfigurationList;
			buildConfigurations = (
				EDB3D4832440EFB600CC8A70 /* Debug */,
				EDB3D4842440EFB600CC8A70 /* Release */,
			);
			defaultConfigurationIsVisible = 0;
			defaultConfigurationName = Release;
		};
/* End XCConfigurationList section */
	};
	rootObject = EDB3D4662440EFB100CC8A70 /* Project object */;
}
